
Microsoft Visual Studio Solution File, Format Version 12.00
# Visual Studio Version 16
VisualStudioVersion = 16.0.28803.452
MinimumVisualStudioVersion = 10.0.40219.1
Project("{FAE04EC0-301F-11D3-BF4B-00C04F79EFBC}") = "ET12.Aleatorio", "ET12.Aleatorio\ET12.Aleatorio.csproj", "{A1F8682D-C588-4BEC-A7DE-2CA844D84FB7}"
EndProject
Global
	GlobalSection(SolutionConfigurationPlatforms) = preSolution
		Debug|Any CPU = Debug|Any CPU
		Release|Any CPU = Release|Any CPU
	EndGlobalSection
	GlobalSection(ProjectConfigurationPlatforms) = postSolution
		{A1F8682D-C588-4BEC-A7DE-2CA844D84FB7}.Debug|Any CPU.ActiveCfg = Debug|Any CPU
		{A1F8682D-C588-4BEC-A7DE-2CA844D84FB7}.Debug|Any CPU.Build.0 = Debug|Any CPU
		{A1F8682D-C588-4BEC-A7DE-2CA844D84FB7}.Release|Any CPU.ActiveCfg = Release|Any CPU
		{A1F8682D-C588-4BEC-A7DE-2CA844D84FB7}.Release|Any CPU.Build.0 = Release|Any CPU
	EndGlobalSection
	GlobalSection(SolutionProperties) = preSolution
		HideSolutionNode = FALSE
	EndGlobalSection
	GlobalSection(ExtensibilityGlobals) = postSolution
		SolutionGuid = {BB118997-6C95-49B1-BD4F-709B7528361E}
	EndGlobalSection
EndGlobal
